{
  "name": "gifshot-win",
  "version": "1.0.0",
  "lockfileVersion": 3,
  "requires": true,
  "packages": {
    "": {
      "name": "gifshot-win",
      "version": "1.0.0",
      "cpu": [
        "x64"
      ],
      "license": "MIT",
      "os": [
        "win32"
      ],
      "bin": {
        "gifshot": "bin/gifshot.js"
      },
      "engines": {
        "node": ">=18"
      }
    }
  }
}
